{
  "name": "seeso-sample-web-main",
  "version": "1.0.0",
  "lockfileVersion": 3,
  "requires": true,
  "packages": {
    "": {
      "name": "seeso-sample-web-main",
      "version": "1.0.0",
      "license": "ISC",
      "dependencies": {
        "seeso": "^0.2.0"
      }
    },
    "node_modules/axios": {
      "version": "0.21.4",
      "resolved": "https://registry.npmjs.org/axios/-/axios-0.21.4.tgz",
      "integrity": "sha512-ut5vewkiu8jjGBdqpM44XxjuCjq9LAKeHVmoVfHVzy8eHgxxq8SbAVQNovDA8mVi05kP0Ea/n/UzcSHcTJQfNg==",
      "dependencies": {
        "follow-redirects": "^1.14.0"
      }
    },
    "node_modules/base64-js": {
      "version": "1.5.1",
      "resolved": "https://registry.npmjs.org/base64-js/-/base64-js-1.5.1.tgz",
      "integrity": "sha512-AKpaYlHn8t4SVbOHCy+b5+KKgvR4vrsD8vbvrbiQJps7fKDTkjkDry6ji0rUJjC0kzbNePLwzxq8iypo41qeWA==",
      "funding": [
        {
          "type": "github",
          "url": "https://github.com/sponsors/feross"
        },
        {
          "type": "patreon",
          "url": "https://www.patreon.com/feross"
        },
        {
          "type": "consulting",
          "url": "https://feross.org/support"
        }
      ]
    },
    "node_modules/buffer": {
      "version": "6.0.3",
      "resolved": "https://registry.npmjs.org/buffer/-/buffer-6.0.3.tgz",
      "integrity": "sha512-FTiCpNxtwiZZHEZbcbTIcZjERVICn9yq/pDFkTl95/AxzD1naBctN7YO68riM/gLSDY7sdrMby8hofADYuuqOA==",
      "funding": [
        {
          "type": "github",
          "url": "https://github.com/sponsors/feross"
        },
        {
          "type": "patreon",
          "url": "https://www.patreon.com/feross"
        },
        {
          "type": "consulting",
          "url": "https://feross.org/support"
        }
      ],
      "dependencies": {
        "base64-js": "^1.3.1",
        "ieee754": "^1.2.1"
      }
    },
    "node_modules/follow-redirects": {
      "version": "1.15.3",
      "resolved": "https://registry.npmjs.org/follow-redirects/-/follow-redirects-1.15.3.tgz",
      "integrity": "sha512-1VzOtuEM8pC9SFU1E+8KfTjZyMztRsgEfwQl44z8A25uy13jSzTj6dyK2Df52iV0vgHCfBwLhDWevLn95w5v6Q==",
      "funding": [
        {
          "type": "individual",
          "url": "https://github.com/sponsors/RubenVerborgh"
        }
      ],
      "engines": {
        "node": ">=4.0"
      },
      "peerDependenciesMeta": {
        "debug": {
          "optional": true
        }
      }
    },
    "node_modules/ieee754": {
      "version": "1.2.1",
      "resolved": "https://registry.npmjs.org/ieee754/-/ieee754-1.2.1.tgz",
      "integrity": "sha512-dcyqhDvX1C46lXZcVqCpK+FtMRQVdIMN6/Df5js2zouUsqG7I6sFxitIC+7KYK29KdXOLHdu9zL4sFnoVQnqaA==",
      "funding": [
        {
          "type": "github",
          "url": "https://github.com/sponsors/feross"
        },
        {
          "type": "patreon",
          "url": "https://www.patreon.com/feross"
        },
        {
          "type": "consulting",
          "url": "https://feross.org/support"
        }
      ]
    },
    "node_modules/seeso": {
      "version": "0.2.0",
      "resolved": "https://registry.npmjs.org/seeso/-/seeso-0.2.0.tgz",
      "integrity": "sha512-1lNsGDdDhpRF02O9u9NZOMNKrzPAnMe0oDx52IPiED08ah6b1z1hmXOfkINr4Ym0qS6qHm9S0SubJuDYwL0MpA==",
      "dependencies": {
        "axios": "^0.21.1",
        "buffer": "^6.0.3",
        "ua-parser-js": "^2.0.0-alpha.2",
        "wasm-check": "^2.0.2"
      }
    },
    "node_modules/ua-parser-js": {
      "version": "2.0.0-beta.1",
      "resolved": "https://registry.npmjs.org/ua-parser-js/-/ua-parser-js-2.0.0-beta.1.tgz",
      "integrity": "sha512-wc7k9+bsNU4Pk4rSeTcUb25WgZJrEBgSzexKRR+ARTLq0m3PB3SLOCJzqGUtAXamN7gJUqWkyayZ2uFeT5thQg==",
      "funding": [
        {
          "type": "opencollective",
          "url": "https://opencollective.com/ua-parser-js"
        },
        {
          "type": "paypal",
          "url": "https://paypal.me/faisalman"
        },
        {
          "type": "github",
          "url": "https://github.com/sponsors/faisalman"
        }
      ],
      "engines": {
        "node": "*"
      }
    },
    "node_modules/wasm-check": {
      "version": "2.1.2",
      "resolved": "https://registry.npmjs.org/wasm-check/-/wasm-check-2.1.2.tgz",
      "integrity": "sha512-Eu162RfercUY9BZ4QN4PbOkuKkXwyuD+V5+iZ+VJ85W6ubDqZcNQMBAbBcqyrHs0Qb0D0IWVhPlfYFVhMoKhYw==",
      "engines": {
        "node": ">= 8"
      }
    }
  }
}
